// !$*UTF8*$!
{
	archiveVersion = 1;
	classes = {
	};
	objectVersion = 46;
	objects = {

/* Begin PBXBuildFile section */
		57917D682108D67800C49F7F /* vbl.c in Sources */ = {isa = PBXBuildFile; fileRef = 57917D672108D67700C49F7F /* vbl.c */; };
		57DB0FD922871E17002C342E /* v_tracer.c in Sources */ = {isa = PBXBuildFile; fileRef = 57DB0F5722871E16002C342E /* v_tracer.c */; };
		57DB0FDA22871E17002C342E /* v_swarm.c in Sources */ = {isa = PBXBuildFile; fileRef = 57DB0F5822871E16002C342E /* v_swarm.c */; };
		57DB0FDB22871E17002C342E /* v_behave.c in Sources */ = {isa = PBXBuildFile; fileRef = 57DB0F5922871E16002C342E /* v_behave.c */; };
		57DB0FDC22871E17002C342E /* vbl_perturbator.c in Sources */ = {isa = PBXBuildFile; fileRef = 57DB0F5A22871E16002C342E /* vbl_perturbator.c */; };
		57DB0FDD22871E17002C342E /* vbl_scene.c in Sources */ = {isa = PBXBuildFile; fileRef = 57DB0F5C22871E16002C342E /* vbl_scene.c */; };
		57DB0FDE22871E17002C342E /* v_bpm.c in Sources */ = {isa = PBXBuildFile; fileRef = 57DB0F5E22871E16002C342E /* v_bpm.c */; };
		57DB0FDF22871E17002C342E /* v_slide.c in Sources */ = {isa = PBXBuildFile; fileRef = 57DB0F6122871E16002C342E /* v_slide.c */; };
		57DB0FE022871E17002C342E /* vbl_rng.c in Sources */ = {isa = PBXBuildFile; fileRef = 57DB0F6722871E16002C342E /* vbl_rng.c */; };
		57DB0FE122871E17002C342E /* vbl_log.c in Sources */ = {isa = PBXBuildFile; fileRef = 57DB0F6822871E16002C342E /* vbl_log.c */; };
		57DB0FE222871E17002C342E /* vbl_time.c in Sources */ = {isa = PBXBuildFile; fileRef = 57DB0F6922871E16002C342E /* vbl_time.c */; };
		57DB0FE322871E17002C342E /* vbl_hub.c in Sources */ = {isa = PBXBuildFile; fileRef = 57DB0F6A22871E16002C342E /* vbl_hub.c */; };
		57DB0FE422871E17002C342E /* v_trigger.c in Sources */ = {isa = PBXBuildFile; fileRef = 57DB0F6D22871E16002C342E /* v_trigger.c */; };
		57DB0FE522871E17002C342E /* v_unit.c in Sources */ = {isa = PBXBuildFile; fileRef = 57DB0F6E22871E16002C342E /* v_unit.c */; };
		57DB0FE622871E17002C342E /* v_serial.c in Sources */ = {isa = PBXBuildFile; fileRef = 57DB0F6F22871E16002C342E /* v_serial.c */; };
		57DB0FE722871E17002C342E /* v_mark.c in Sources */ = {isa = PBXBuildFile; fileRef = 57DB0F7522871E16002C342E /* v_mark.c */; };
		57DB0FE822871E17002C342E /* v_track.c in Sources */ = {isa = PBXBuildFile; fileRef = 57DB0F7722871E17002C342E /* v_track.c */; };
		57DB0FE922871E17002C342E /* v_player.c in Sources */ = {isa = PBXBuildFile; fileRef = 57DB0F7822871E17002C342E /* v_player.c */; };
		57DB0FEA22871E17002C342E /* v_seq.c in Sources */ = {isa = PBXBuildFile; fileRef = 57DB0F7A22871E17002C342E /* v_seq.c */; };
		57DB0FEB22871E17002C342E /* v_plugins.c in Sources */ = {isa = PBXBuildFile; fileRef = 57DB0F7E22871E17002C342E /* v_plugins.c */; };
		57DB0FEC22871E17002C342E /* v_channel.c in Sources */ = {isa = PBXBuildFile; fileRef = 57DB0F8022871E17002C342E /* v_channel.c */; };
		57DB0FED22871E17002C342E /* v_assimp.c in Sources */ = {isa = PBXBuildFile; fileRef = 57DB0F8322871E17002C342E /* v_assimp.c */; };
		57DB0FEE22871E17002C342E /* v_extrude.c in Sources */ = {isa = PBXBuildFile; fileRef = 57DB0F8422871E17002C342E /* v_extrude.c */; };
		57DB0FEF22871E17002C342E /* vbl_qhull.c in Sources */ = {isa = PBXBuildFile; fileRef = 57DB0F8722871E17002C342E /* vbl_qhull.c */; };
		57DB0FF022871E17002C342E /* v_block.c in Sources */ = {isa = PBXBuildFile; fileRef = 57DB0F8922871E17002C342E /* v_block.c */; };
		57DB0FF122871E17002C342E /* v_objseq.c in Sources */ = {isa = PBXBuildFile; fileRef = 57DB0F8A22871E17002C342E /* v_objseq.c */; };
		57DB0FF222871E17002C342E /* v_tesselate.c in Sources */ = {isa = PBXBuildFile; fileRef = 57DB0F8B22871E17002C342E /* v_tesselate.c */; };
		57DB0FF322871E17002C342E /* v_primitives.c in Sources */ = {isa = PBXBuildFile; fileRef = 57DB0F8C22871E17002C342E /* v_primitives.c */; };
		57DB0FF422871E17002C342E /* v_vec.c in Sources */ = {isa = PBXBuildFile; fileRef = 57DB0F8F22871E17002C342E /* v_vec.c */; };
		57DB0FF522871E17002C342E /* vbl_cork.c in Sources */ = {isa = PBXBuildFile; fileRef = 57DB0F9122871E17002C342E /* vbl_cork.c */; };
		57DB0FF622871E17002C342E /* vbl_hull.c in Sources */ = {isa = PBXBuildFile; fileRef = 57DB0F9322871E17002C342E /* vbl_hull.c */; };
		57DB0FF722871E17002C342E /* v_lsystem.c in Sources */ = {isa = PBXBuildFile; fileRef = 57DB0F9722871E17002C342E /* v_lsystem.c */; };
		57DB0FF822871E17002C342E /* v_clock.c in Sources */ = {isa = PBXBuildFile; fileRef = 57DB0F9A22871E17002C342E /* v_clock.c */; };
		57DB0FF922871E17002C342E /* v_stepseq.c in Sources */ = {isa = PBXBuildFile; fileRef = 57DB0F9D22871E17002C342E /* v_stepseq.c */; };
		57DB0FFA22871E17002C342E /* vbl_lissajous.c in Sources */ = {isa = PBXBuildFile; fileRef = 57DB0FA022871E17002C342E /* vbl_lissajous.c */; };
		57DB0FFB22871E17002C342E /* vbl_cascade.c in Sources */ = {isa = PBXBuildFile; fileRef = 57DB0FA122871E17002C342E /* vbl_cascade.c */; };
		57DB0FFC22871E17002C342E /* vbl_tracers.c in Sources */ = {isa = PBXBuildFile; fileRef = 57DB0FA222871E17002C342E /* vbl_tracers.c */; };
		57DB0FFD22871E17002C342E /* vbl_arc.c in Sources */ = {isa = PBXBuildFile; fileRef = 57DB0FA322871E17002C342E /* vbl_arc.c */; };
		57DB0FFE22871E17002C342E /* vbl_branch.c in Sources */ = {isa = PBXBuildFile; fileRef = 57DB0FAB22871E17002C342E /* vbl_branch.c */; };
		57DB0FFF22871E17002C342E /* vbl_vec_acc.c in Sources */ = {isa = PBXBuildFile; fileRef = 57DB0FAC22871E17002C342E /* vbl_vec_acc.c */; };
		57DB100022871E17002C342E /* vbl_hand.c in Sources */ = {isa = PBXBuildFile; fileRef = 57DB0FAD22871E17002C342E /* vbl_hand.c */; };
		57DB100122871E17002C342E /* vbl_particle.c in Sources */ = {isa = PBXBuildFile; fileRef = 57DB0FAF22871E17002C342E /* vbl_particle.c */; };
		57DB100222871E17002C342E /* vbl_particleplugin_perturbator.c in Sources */ = {isa = PBXBuildFile; fileRef = 57DB0FB122871E17002C342E /* vbl_particleplugin_perturbator.c */; };
		57DB100322871E17002C342E /* vbl_particlesystem_mgr_plugin.c in Sources */ = {isa = PBXBuildFile; fileRef = 57DB0FB222871E17002C342E /* vbl_particlesystem_mgr_plugin.c */; };
		57DB100422871E17002C342E /* vbl_particlesystem_mgr_plugin_autokill.c in Sources */ = {isa = PBXBuildFile; fileRef = 57DB0FB322871E17002C342E /* vbl_particlesystem_mgr_plugin_autokill.c */; };
		57DB100522871E17002C342E /* vbl_particleplugin_template.c in Sources */ = {isa = PBXBuildFile; fileRef = 57DB0FB722871E17002C342E /* vbl_particleplugin_template.c */; };
		57DB100622871E17002C342E /* vbl_particleplugin_wind.c in Sources */ = {isa = PBXBuildFile; fileRef = 57DB0FBA22871E17002C342E /* vbl_particleplugin_wind.c */; };
		57DB100722871E17002C342E /* vbl_particleplugin_reaper.c in Sources */ = {isa = PBXBuildFile; fileRef = 57DB0FBB22871E17002C342E /* vbl_particleplugin_reaper.c */; };
		57DB100822871E17002C342E /* vbl_particleplugin.c in Sources */ = {isa = PBXBuildFile; fileRef = 57DB0FBC22871E17002C342E /* vbl_particleplugin.c */; };
		57DB100922871E17002C342E /* vbl_particlesystem.c in Sources */ = {isa = PBXBuildFile; fileRef = 57DB0FBF22871E17002C342E /* vbl_particlesystem.c */; };
		57DB100A22871E17002C342E /* vbl_particleplugin_windresistance.c in Sources */ = {isa = PBXBuildFile; fileRef = 57DB0FC122871E17002C342E /* vbl_particleplugin_windresistance.c */; };
		57DB100B22871E17002C342E /* vbl_particleplugin_gravity.c in Sources */ = {isa = PBXBuildFile; fileRef = 57DB0FC622871E17002C342E /* vbl_particleplugin_gravity.c */; };
		57DB100C22871E17002C342E /* vbl_particle_presets.c in Sources */ = {isa = PBXBuildFile; fileRef = 57DB0FC822871E17002C342E /* vbl_particle_presets.c */; };
		57DB100D22871E17002C342E /* vbl_particleplugin_bounds.c in Sources */ = {isa = PBXBuildFile; fileRef = 57DB0FC922871E17002C342E /* vbl_particleplugin_bounds.c */; };
		57DB100E22871E17002C342E /* vbl_particleplugin_emitter.c in Sources */ = {isa = PBXBuildFile; fileRef = 57DB0FCA22871E17002C342E /* vbl_particleplugin_emitter.c */; };
		57DB100F22871E17002C342E /* vbl_particleplugin_attractor.c in Sources */ = {isa = PBXBuildFile; fileRef = 57DB0FCB22871E17002C342E /* vbl_particleplugin_attractor.c */; };
		57DB101022871E17002C342E /* vbl_particlesystem_mgr.c in Sources */ = {isa = PBXBuildFile; fileRef = 57DB0FCC22871E17002C342E /* vbl_particlesystem_mgr.c */; };
		57DB101122871E17002C342E /* vbl_pad.c in Sources */ = {isa = PBXBuildFile; fileRef = 57DB0FD322871E17002C342E /* vbl_pad.c */; };
		57DB101222871E17002C342E /* vbl_input_logger.c in Sources */ = {isa = PBXBuildFile; fileRef = 57DB0FD622871E17002C342E /* vbl_input_logger.c */; };
		57DB101322871E17002C342E /* v_bank.c in Sources */ = {isa = PBXBuildFile; fileRef = 57DB0FD822871E17002C342E /* v_bank.c */; };
/* End PBXBuildFile section */

/* Begin PBXCopyFilesBuildPhase section */
		57012DEC1EED5F5900F10594 /* CopyFiles */ = {
			isa = PBXCopyFilesBuildPhase;
			buildActionMask = 2147483647;
			dstPath = "include/$(PRODUCT_NAME)";
			dstSubfolderSpec = 16;
			files = (
			);
			runOnlyForDeploymentPostprocessing = 0;
		};
/* End PBXCopyFilesBuildPhase section */

/* Begin PBXFileReference section */
		57012DEE1EED5F5900F10594 /* libvbl.a */ = {isa = PBXFileReference; explicitFileType = archive.ar; includeInIndex = 0; path = libvbl.a; sourceTree = BUILT_PRODUCTS_DIR; };
		57917D672108D67700C49F7F /* vbl.c */ = {isa = PBXFileReference; fileEncoding = 4; lastKnownFileType = sourcecode.c.c; name = vbl.c; path = ../vbl.c; sourceTree = "<group>"; };
		57DB0F5322871E16002C342E /* v_behave.h */ = {isa = PBXFileReference; fileEncoding = 4; lastKnownFileType = sourcecode.c.h; path = v_behave.h; sourceTree = "<group>"; };
		57DB0F5422871E16002C342E /* v_swarm.h */ = {isa = PBXFileReference; fileEncoding = 4; lastKnownFileType = sourcecode.c.h; path = v_swarm.h; sourceTree = "<group>"; };
		57DB0F5522871E16002C342E /* vbl_perturbator.h */ = {isa = PBXFileReference; fileEncoding = 4; lastKnownFileType = sourcecode.c.h; path = vbl_perturbator.h; sourceTree = "<group>"; };
		57DB0F5622871E16002C342E /* vbl_scene.h */ = {isa = PBXFileReference; fileEncoding = 4; lastKnownFileType = sourcecode.c.h; path = vbl_scene.h; sourceTree = "<group>"; };
		57DB0F5722871E16002C342E /* v_tracer.c */ = {isa = PBXFileReference; fileEncoding = 4; lastKnownFileType = sourcecode.c.c; path = v_tracer.c; sourceTree = "<group>"; };
		57DB0F5822871E16002C342E /* v_swarm.c */ = {isa = PBXFileReference; fileEncoding = 4; lastKnownFileType = sourcecode.c.c; path = v_swarm.c; sourceTree = "<group>"; };
		57DB0F5922871E16002C342E /* v_behave.c */ = {isa = PBXFileReference; fileEncoding = 4; lastKnownFileType = sourcecode.c.c; path = v_behave.c; sourceTree = "<group>"; };
		57DB0F5A22871E16002C342E /* vbl_perturbator.c */ = {isa = PBXFileReference; fileEncoding = 4; lastKnownFileType = sourcecode.c.c; path = vbl_perturbator.c; sourceTree = "<group>"; };
		57DB0F5B22871E16002C342E /* v_tracer.h */ = {isa = PBXFileReference; fileEncoding = 4; lastKnownFileType = sourcecode.c.h; path = v_tracer.h; sourceTree = "<group>"; };
		57DB0F5C22871E16002C342E /* vbl_scene.c */ = {isa = PBXFileReference; fileEncoding = 4; lastKnownFileType = sourcecode.c.c; path = vbl_scene.c; sourceTree = "<group>"; };
		57DB0F5E22871E16002C342E /* v_bpm.c */ = {isa = PBXFileReference; fileEncoding = 4; lastKnownFileType = sourcecode.c.c; path = v_bpm.c; sourceTree = "<group>"; };
		57DB0F5F22871E16002C342E /* v_bpm.h */ = {isa = PBXFileReference; fileEncoding = 4; lastKnownFileType = sourcecode.c.h; path = v_bpm.h; sourceTree = "<group>"; };
		57DB0F6122871E16002C342E /* v_slide.c */ = {isa = PBXFileReference; fileEncoding = 4; lastKnownFileType = sourcecode.c.c; path = v_slide.c; sourceTree = "<group>"; };
		57DB0F6222871E16002C342E /* v_slide.h */ = {isa = PBXFileReference; fileEncoding = 4; lastKnownFileType = sourcecode.c.h; path = v_slide.h; sourceTree = "<group>"; };
		57DB0F6422871E16002C342E /* vbl_log.h */ = {isa = PBXFileReference; fileEncoding = 4; lastKnownFileType = sourcecode.c.h; path = vbl_log.h; sourceTree = "<group>"; };
		57DB0F6522871E16002C342E /* vbl_hub.h */ = {isa = PBXFileReference; fileEncoding = 4; lastKnownFileType = sourcecode.c.h; path = vbl_hub.h; sourceTree = "<group>"; };
		57DB0F6622871E16002C342E /* vbl_time.h */ = {isa = PBXFileReference; fileEncoding = 4; lastKnownFileType = sourcecode.c.h; path = vbl_time.h; sourceTree = "<group>"; };
		57DB0F6722871E16002C342E /* vbl_rng.c */ = {isa = PBXFileReference; fileEncoding = 4; lastKnownFileType = sourcecode.c.c; path = vbl_rng.c; sourceTree = "<group>"; };
		57DB0F6822871E16002C342E /* vbl_log.c */ = {isa = PBXFileReference; fileEncoding = 4; lastKnownFileType = sourcecode.c.c; path = vbl_log.c; sourceTree = "<group>"; };
		57DB0F6922871E16002C342E /* vbl_time.c */ = {isa = PBXFileReference; fileEncoding = 4; lastKnownFileType = sourcecode.c.c; path = vbl_time.c; sourceTree = "<group>"; };
		57DB0F6A22871E16002C342E /* vbl_hub.c */ = {isa = PBXFileReference; fileEncoding = 4; lastKnownFileType = sourcecode.c.c; path = vbl_hub.c; sourceTree = "<group>"; };
		57DB0F6B22871E16002C342E /* vbl_rng.h */ = {isa = PBXFileReference; fileEncoding = 4; lastKnownFileType = sourcecode.c.h; path = vbl_rng.h; sourceTree = "<group>"; };
		57DB0F6D22871E16002C342E /* v_trigger.c */ = {isa = PBXFileReference; fileEncoding = 4; lastKnownFileType = sourcecode.c.c; path = v_trigger.c; sourceTree = "<group>"; };
		57DB0F6E22871E16002C342E /* v_unit.c */ = {isa = PBXFileReference; fileEncoding = 4; lastKnownFileType = sourcecode.c.c; path = v_unit.c; sourceTree = "<group>"; };
		57DB0F6F22871E16002C342E /* v_serial.c */ = {isa = PBXFileReference; fileEncoding = 4; lastKnownFileType = sourcecode.c.c; path = v_serial.c; sourceTree = "<group>"; };
		57DB0F7022871E16002C342E /* v_unit.h */ = {isa = PBXFileReference; fileEncoding = 4; lastKnownFileType = sourcecode.c.h; path = v_unit.h; sourceTree = "<group>"; };
		57DB0F7122871E16002C342E /* v_trigger.h */ = {isa = PBXFileReference; fileEncoding = 4; lastKnownFileType = sourcecode.c.h; path = v_trigger.h; sourceTree = "<group>"; };
		57DB0F7222871E16002C342E /* v_serial.h */ = {isa = PBXFileReference; fileEncoding = 4; lastKnownFileType = sourcecode.c.h; path = v_serial.h; sourceTree = "<group>"; };
		57DB0F7422871E16002C342E /* v_seq.h */ = {isa = PBXFileReference; fileEncoding = 4; lastKnownFileType = sourcecode.c.h; path = v_seq.h; sourceTree = "<group>"; };
		57DB0F7522871E16002C342E /* v_mark.c */ = {isa = PBXFileReference; fileEncoding = 4; lastKnownFileType = sourcecode.c.c; path = v_mark.c; sourceTree = "<group>"; };
		57DB0F7622871E17002C342E /* v_player.h */ = {isa = PBXFileReference; fileEncoding = 4; lastKnownFileType = sourcecode.c.h; path = v_player.h; sourceTree = "<group>"; };
		57DB0F7722871E17002C342E /* v_track.c */ = {isa = PBXFileReference; fileEncoding = 4; lastKnownFileType = sourcecode.c.c; path = v_track.c; sourceTree = "<group>"; };
		57DB0F7822871E17002C342E /* v_player.c */ = {isa = PBXFileReference; fileEncoding = 4; lastKnownFileType = sourcecode.c.c; path = v_player.c; sourceTree = "<group>"; };
		57DB0F7922871E17002C342E /* v_mark.h */ = {isa = PBXFileReference; fileEncoding = 4; lastKnownFileType = sourcecode.c.h; path = v_mark.h; sourceTree = "<group>"; };
		57DB0F7A22871E17002C342E /* v_seq.c */ = {isa = PBXFileReference; fileEncoding = 4; lastKnownFileType = sourcecode.c.c; path = v_seq.c; sourceTree = "<group>"; };
		57DB0F7B22871E17002C342E /* v_track.h */ = {isa = PBXFileReference; fileEncoding = 4; lastKnownFileType = sourcecode.c.h; path = v_track.h; sourceTree = "<group>"; };
		57DB0F7D22871E17002C342E /* v_plugins.h */ = {isa = PBXFileReference; fileEncoding = 4; lastKnownFileType = sourcecode.c.h; path = v_plugins.h; sourceTree = "<group>"; };
		57DB0F7E22871E17002C342E /* v_plugins.c */ = {isa = PBXFileReference; fileEncoding = 4; lastKnownFileType = sourcecode.c.c; path = v_plugins.c; sourceTree = "<group>"; };
		57DB0F8022871E17002C342E /* v_channel.c */ = {isa = PBXFileReference; fileEncoding = 4; lastKnownFileType = sourcecode.c.c; path = v_channel.c; sourceTree = "<group>"; };
		57DB0F8122871E17002C342E /* v_channel.h */ = {isa = PBXFileReference; fileEncoding = 4; lastKnownFileType = sourcecode.c.h; path = v_channel.h; sourceTree = "<group>"; };
		57DB0F8322871E17002C342E /* v_assimp.c */ = {isa = PBXFileReference; fileEncoding = 4; lastKnownFileType = sourcecode.c.c; path = v_assimp.c; sourceTree = "<group>"; };
		57DB0F8422871E17002C342E /* v_extrude.c */ = {isa = PBXFileReference; fileEncoding = 4; lastKnownFileType = sourcecode.c.c; path = v_extrude.c; sourceTree = "<group>"; };
		57DB0F8522871E17002C342E /* v_vec.h */ = {isa = PBXFileReference; fileEncoding = 4; lastKnownFileType = sourcecode.c.h; path = v_vec.h; sourceTree = "<group>"; };
		57DB0F8622871E17002C342E /* vbl_hull.h */ = {isa = PBXFileReference; fileEncoding = 4; lastKnownFileType = sourcecode.c.h; path = vbl_hull.h; sourceTree = "<group>"; };
		57DB0F8722871E17002C342E /* vbl_qhull.c */ = {isa = PBXFileReference; fileEncoding = 4; lastKnownFileType = sourcecode.c.c; path = vbl_qhull.c; sourceTree = "<group>"; };
		57DB0F8822871E17002C342E /* vbl_cork.h */ = {isa = PBXFileReference; fileEncoding = 4; lastKnownFileType = sourcecode.c.h; path = vbl_cork.h; sourceTree = "<group>"; };
		57DB0F8922871E17002C342E /* v_block.c */ = {isa = PBXFileReference; fileEncoding = 4; lastKnownFileType = sourcecode.c.c; path = v_block.c; sourceTree = "<group>"; };
		57DB0F8A22871E17002C342E /* v_objseq.c */ = {isa = PBXFileReference; fileEncoding = 4; lastKnownFileType = sourcecode.c.c; path = v_objseq.c; sourceTree = "<group>"; };
		57DB0F8B22871E17002C342E /* v_tesselate.c */ = {isa = PBXFileReference; fileEncoding = 4; lastKnownFileType = sourcecode.c.c; path = v_tesselate.c; sourceTree = "<group>"; };
		57DB0F8C22871E17002C342E /* v_primitives.c */ = {isa = PBXFileReference; fileEncoding = 4; lastKnownFileType = sourcecode.c.c; path = v_primitives.c; sourceTree = "<group>"; };
		57DB0F8D22871E17002C342E /* v_lsystem.h */ = {isa = PBXFileReference; fileEncoding = 4; lastKnownFileType = sourcecode.c.h; path = v_lsystem.h; sourceTree = "<group>"; };
		57DB0F8E22871E17002C342E /* v_extrude.h */ = {isa = PBXFileReference; fileEncoding = 4; lastKnownFileType = sourcecode.c.h; path = v_extrude.h; sourceTree = "<group>"; };
		57DB0F8F22871E17002C342E /* v_vec.c */ = {isa = PBXFileReference; fileEncoding = 4; lastKnownFileType = sourcecode.c.c; path = v_vec.c; sourceTree = "<group>"; };
		57DB0F9022871E17002C342E /* v_assimp.h */ = {isa = PBXFileReference; fileEncoding = 4; lastKnownFileType = sourcecode.c.h; path = v_assimp.h; sourceTree = "<group>"; };
		57DB0F9122871E17002C342E /* vbl_cork.c */ = {isa = PBXFileReference; fileEncoding = 4; lastKnownFileType = sourcecode.c.c; path = vbl_cork.c; sourceTree = "<group>"; };
		57DB0F9222871E17002C342E /* vbl_qhull.h */ = {isa = PBXFileReference; fileEncoding = 4; lastKnownFileType = sourcecode.c.h; path = vbl_qhull.h; sourceTree = "<group>"; };
		57DB0F9322871E17002C342E /* vbl_hull.c */ = {isa = PBXFileReference; fileEncoding = 4; lastKnownFileType = sourcecode.c.c; path = vbl_hull.c; sourceTree = "<group>"; };
		57DB0F9422871E17002C342E /* v_tesselate.h */ = {isa = PBXFileReference; fileEncoding = 4; lastKnownFileType = sourcecode.c.h; path = v_tesselate.h; sourceTree = "<group>"; };
		57DB0F9522871E17002C342E /* v_objseq.h */ = {isa = PBXFileReference; fileEncoding = 4; lastKnownFileType = sourcecode.c.h; path = v_objseq.h; sourceTree = "<group>"; };
		57DB0F9622871E17002C342E /* v_block.h */ = {isa = PBXFileReference; fileEncoding = 4; lastKnownFileType = sourcecode.c.h; path = v_block.h; sourceTree = "<group>"; };
		57DB0F9722871E17002C342E /* v_lsystem.c */ = {isa = PBXFileReference; fileEncoding = 4; lastKnownFileType = sourcecode.c.c; path = v_lsystem.c; sourceTree = "<group>"; };
		57DB0F9822871E17002C342E /* v_primitives.h */ = {isa = PBXFileReference; fileEncoding = 4; lastKnownFileType = sourcecode.c.h; path = v_primitives.h; sourceTree = "<group>"; };
		57DB0F9A22871E17002C342E /* v_clock.c */ = {isa = PBXFileReference; fileEncoding = 4; lastKnownFileType = sourcecode.c.c; path = v_clock.c; sourceTree = "<group>"; };
		57DB0F9B22871E17002C342E /* v_stepseq.h */ = {isa = PBXFileReference; fileEncoding = 4; lastKnownFileType = sourcecode.c.h; path = v_stepseq.h; sourceTree = "<group>"; };
		57DB0F9C22871E17002C342E /* v_clock.h */ = {isa = PBXFileReference; fileEncoding = 4; lastKnownFileType = sourcecode.c.h; path = v_clock.h; sourceTree = "<group>"; };
		57DB0F9D22871E17002C342E /* v_stepseq.c */ = {isa = PBXFileReference; fileEncoding = 4; lastKnownFileType = sourcecode.c.c; path = v_stepseq.c; sourceTree = "<group>"; };
		57DB0F9E22871E17002C342E /* vbl_types.h */ = {isa = PBXFileReference; fileEncoding = 4; lastKnownFileType = sourcecode.c.h; path = vbl_types.h; sourceTree = "<group>"; };
		57DB0FA022871E17002C342E /* vbl_lissajous.c */ = {isa = PBXFileReference; fileEncoding = 4; lastKnownFileType = sourcecode.c.c; path = vbl_lissajous.c; sourceTree = "<group>"; };
		57DB0FA122871E17002C342E /* vbl_cascade.c */ = {isa = PBXFileReference; fileEncoding = 4; lastKnownFileType = sourcecode.c.c; path = vbl_cascade.c; sourceTree = "<group>"; };
		57DB0FA222871E17002C342E /* vbl_tracers.c */ = {isa = PBXFileReference; fileEncoding = 4; lastKnownFileType = sourcecode.c.c; path = vbl_tracers.c; sourceTree = "<group>"; };
		57DB0FA322871E17002C342E /* vbl_arc.c */ = {isa = PBXFileReference; fileEncoding = 4; lastKnownFileType = sourcecode.c.c; path = vbl_arc.c; sourceTree = "<group>"; };
		57DB0FA422871E17002C342E /* vbl_vec_acc.h */ = {isa = PBXFileReference; fileEncoding = 4; lastKnownFileType = sourcecode.c.h; path = vbl_vec_acc.h; sourceTree = "<group>"; };
		57DB0FA522871E17002C342E /* vbl_hand.h */ = {isa = PBXFileReference; fileEncoding = 4; lastKnownFileType = sourcecode.c.h; path = vbl_hand.h; sourceTree = "<group>"; };
		57DB0FA622871E17002C342E /* vbl_branch.h */ = {isa = PBXFileReference; fileEncoding = 4; lastKnownFileType = sourcecode.c.h; path = vbl_branch.h; sourceTree = "<group>"; };
		57DB0FA722871E17002C342E /* vbl_lissajous.h */ = {isa = PBXFileReference; fileEncoding = 4; lastKnownFileType = sourcecode.c.h; path = vbl_lissajous.h; sourceTree = "<group>"; };
		57DB0FA822871E17002C342E /* vbl_cascade.h */ = {isa = PBXFileReference; fileEncoding = 4; lastKnownFileType = sourcecode.c.h; path = vbl_cascade.h; sourceTree = "<group>"; };
		57DB0FA922871E17002C342E /* vbl_arc.h */ = {isa = PBXFileReference; fileEncoding = 4; lastKnownFileType = sourcecode.c.h; path = vbl_arc.h; sourceTree = "<group>"; };
		57DB0FAA22871E17002C342E /* vbl_tracers.h */ = {isa = PBXFileReference; fileEncoding = 4; lastKnownFileType = sourcecode.c.h; path = vbl_tracers.h; sourceTree = "<group>"; };
		57DB0FAB22871E17002C342E /* vbl_branch.c */ = {isa = PBXFileReference; fileEncoding = 4; lastKnownFileType = sourcecode.c.c; path = vbl_branch.c; sourceTree = "<group>"; };
		57DB0FAC22871E17002C342E /* vbl_vec_acc.c */ = {isa = PBXFileReference; fileEncoding = 4; lastKnownFileType = sourcecode.c.c; path = vbl_vec_acc.c; sourceTree = "<group>"; };
		57DB0FAD22871E17002C342E /* vbl_hand.c */ = {isa = PBXFileReference; fileEncoding = 4; lastKnownFileType = sourcecode.c.c; path = vbl_hand.c; sourceTree = "<group>"; };
		57DB0FAF22871E17002C342E /* vbl_particle.c */ = {isa = PBXFileReference; fileEncoding = 4; lastKnownFileType = sourcecode.c.c; path = vbl_particle.c; sourceTree = "<group>"; };
		57DB0FB022871E17002C342E /* vbl_particlesystem.h */ = {isa = PBXFileReference; fileEncoding = 4; lastKnownFileType = sourcecode.c.h; path = vbl_particlesystem.h; sourceTree = "<group>"; };
		57DB0FB122871E17002C342E /* vbl_particleplugin_perturbator.c */ = {isa = PBXFileReference; fileEncoding = 4; lastKnownFileType = sourcecode.c.c; path = vbl_particleplugin_perturbator.c; sourceTree = "<group>"; };
		57DB0FB222871E17002C342E /* vbl_particlesystem_mgr_plugin.c */ = {isa = PBXFileReference; fileEncoding = 4; lastKnownFileType = sourcecode.c.c; path = vbl_particlesystem_mgr_plugin.c; sourceTree = "<group>"; };
		57DB0FB322871E17002C342E /* vbl_particlesystem_mgr_plugin_autokill.c */ = {isa = PBXFileReference; fileEncoding = 4; lastKnownFileType = sourcecode.c.c; path = vbl_particlesystem_mgr_plugin_autokill.c; sourceTree = "<group>"; };
		57DB0FB422871E17002C342E /* vbl_particleplugin_windresistance.h */ = {isa = PBXFileReference; fileEncoding = 4; lastKnownFileType = sourcecode.c.h; path = vbl_particleplugin_windresistance.h; sourceTree = "<group>"; };
		57DB0FB522871E17002C342E /* vbl_particleplugin_bounds.h */ = {isa = PBXFileReference; fileEncoding = 4; lastKnownFileType = sourcecode.c.h; path = vbl_particleplugin_bounds.h; sourceTree = "<group>"; };
		57DB0FB622871E17002C342E /* vbl_particle_presets.h */ = {isa = PBXFileReference; fileEncoding = 4; lastKnownFileType = sourcecode.c.h; path = vbl_particle_presets.h; sourceTree = "<group>"; };
		57DB0FB722871E17002C342E /* vbl_particleplugin_template.c */ = {isa = PBXFileReference; fileEncoding = 4; lastKnownFileType = sourcecode.c.c; path = vbl_particleplugin_template.c; sourceTree = "<group>"; };
		57DB0FB822871E17002C342E /* vbl_particleplugin_emitter.h */ = {isa = PBXFileReference; fileEncoding = 4; lastKnownFileType = sourcecode.c.h; path = vbl_particleplugin_emitter.h; sourceTree = "<group>"; };
		57DB0FB922871E17002C342E /* vbl_particleplugin_gravity.h */ = {isa = PBXFileReference; fileEncoding = 4; lastKnownFileType = sourcecode.c.h; path = vbl_particleplugin_gravity.h; sourceTree = "<group>"; };
		57DB0FBA22871E17002C342E /* vbl_particleplugin_wind.c */ = {isa = PBXFileReference; fileEncoding = 4; lastKnownFileType = sourcecode.c.c; path = vbl_particleplugin_wind.c; sourceTree = "<group>"; };
		57DB0FBB22871E17002C342E /* vbl_particleplugin_reaper.c */ = {isa = PBXFileReference; fileEncoding = 4; lastKnownFileType = sourcecode.c.c; path = vbl_particleplugin_reaper.c; sourceTree = "<group>"; };
		57DB0FBC22871E17002C342E /* vbl_particleplugin.c */ = {isa = PBXFileReference; fileEncoding = 4; lastKnownFileType = sourcecode.c.c; path = vbl_particleplugin.c; sourceTree = "<group>"; };
		57DB0FBD22871E17002C342E /* vbl_particleplugin_attractor.h */ = {isa = PBXFileReference; fileEncoding = 4; lastKnownFileType = sourcecode.c.h; path = vbl_particleplugin_attractor.h; sourceTree = "<group>"; };
		57DB0FBE22871E17002C342E /* vbl_particlesystem_mgr.h */ = {isa = PBXFileReference; fileEncoding = 4; lastKnownFileType = sourcecode.c.h; path = vbl_particlesystem_mgr.h; sourceTree = "<group>"; };
		57DB0FBF22871E17002C342E /* vbl_particlesystem.c */ = {isa = PBXFileReference; fileEncoding = 4; lastKnownFileType = sourcecode.c.c; path = vbl_particlesystem.c; sourceTree = "<group>"; };
		57DB0FC022871E17002C342E /* vbl_particle.h */ = {isa = PBXFileReference; fileEncoding = 4; lastKnownFileType = sourcecode.c.h; path = vbl_particle.h; sourceTree = "<group>"; };
		57DB0FC122871E17002C342E /* vbl_particleplugin_windresistance.c */ = {isa = PBXFileReference; fileEncoding = 4; lastKnownFileType = sourcecode.c.c; path = vbl_particleplugin_windresistance.c; sourceTree = "<group>"; };
		57DB0FC222871E17002C342E /* vbl_particlesystem_mgr_plugin_autokill.h */ = {isa = PBXFileReference; fileEncoding = 4; lastKnownFileType = sourcecode.c.h; path = vbl_particlesystem_mgr_plugin_autokill.h; sourceTree = "<group>"; };
		57DB0FC322871E17002C342E /* vbl_particlesystem_mgr_plugin.h */ = {isa = PBXFileReference; fileEncoding = 4; lastKnownFileType = sourcecode.c.h; path = vbl_particlesystem_mgr_plugin.h; sourceTree = "<group>"; };
		57DB0FC422871E17002C342E /* vbl_particleplugin_perturbator.h */ = {isa = PBXFileReference; fileEncoding = 4; lastKnownFileType = sourcecode.c.h; path = vbl_particleplugin_perturbator.h; sourceTree = "<group>"; };
		57DB0FC622871E17002C342E /* vbl_particleplugin_gravity.c */ = {isa = PBXFileReference; fileEncoding = 4; lastKnownFileType = sourcecode.c.c; path = vbl_particleplugin_gravity.c; sourceTree = "<group>"; };
		57DB0FC722871E17002C342E /* vbl_particleplugin_template.h */ = {isa = PBXFileReference; fileEncoding = 4; lastKnownFileType = sourcecode.c.h; path = vbl_particleplugin_template.h; sourceTree = "<group>"; };
		57DB0FC822871E17002C342E /* vbl_particle_presets.c */ = {isa = PBXFileReference; fileEncoding = 4; lastKnownFileType = sourcecode.c.c; path = vbl_particle_presets.c; sourceTree = "<group>"; };
		57DB0FC922871E17002C342E /* vbl_particleplugin_bounds.c */ = {isa = PBXFileReference; fileEncoding = 4; lastKnownFileType = sourcecode.c.c; path = vbl_particleplugin_bounds.c; sourceTree = "<group>"; };
		57DB0FCA22871E17002C342E /* vbl_particleplugin_emitter.c */ = {isa = PBXFileReference; fileEncoding = 4; lastKnownFileType = sourcecode.c.c; path = vbl_particleplugin_emitter.c; sourceTree = "<group>"; };
		57DB0FCB22871E17002C342E /* vbl_particleplugin_attractor.c */ = {isa = PBXFileReference; fileEncoding = 4; lastKnownFileType = sourcecode.c.c; path = vbl_particleplugin_attractor.c; sourceTree = "<group>"; };
		57DB0FCC22871E17002C342E /* vbl_particlesystem_mgr.c */ = {isa = PBXFileReference; fileEncoding = 4; lastKnownFileType = sourcecode.c.c; path = vbl_particlesystem_mgr.c; sourceTree = "<group>"; };
		57DB0FCD22871E17002C342E /* vbl_particleplugin_reaper.h */ = {isa = PBXFileReference; fileEncoding = 4; lastKnownFileType = sourcecode.c.h; path = vbl_particleplugin_reaper.h; sourceTree = "<group>"; };
		57DB0FCE22871E17002C342E /* vbl_particleplugin_wind.h */ = {isa = PBXFileReference; fileEncoding = 4; lastKnownFileType = sourcecode.c.h; path = vbl_particleplugin_wind.h; sourceTree = "<group>"; };
		57DB0FCF22871E17002C342E /* vbl_particleplugin.h */ = {isa = PBXFileReference; fileEncoding = 4; lastKnownFileType = sourcecode.c.h; path = vbl_particleplugin.h; sourceTree = "<group>"; };
		57DB0FD122871E17002C342E /* vbl_input_logger.h */ = {isa = PBXFileReference; fileEncoding = 4; lastKnownFileType = sourcecode.c.h; path = vbl_input_logger.h; sourceTree = "<group>"; };
		57DB0FD222871E17002C342E /* .hgignore */ = {isa = PBXFileReference; fileEncoding = 4; lastKnownFileType = text; path = .hgignore; sourceTree = "<group>"; };
		57DB0FD322871E17002C342E /* vbl_pad.c */ = {isa = PBXFileReference; fileEncoding = 4; lastKnownFileType = sourcecode.c.c; path = vbl_pad.c; sourceTree = "<group>"; };
		57DB0FD422871E17002C342E /* v_bank.h */ = {isa = PBXFileReference; fileEncoding = 4; lastKnownFileType = sourcecode.c.h; path = v_bank.h; sourceTree = "<group>"; };
		57DB0FD522871E17002C342E /* .hgrc */ = {isa = PBXFileReference; fileEncoding = 4; lastKnownFileType = text; path = .hgrc; sourceTree = "<group>"; };
		57DB0FD622871E17002C342E /* vbl_input_logger.c */ = {isa = PBXFileReference; fileEncoding = 4; lastKnownFileType = sourcecode.c.c; path = vbl_input_logger.c; sourceTree = "<group>"; };
		57DB0FD722871E17002C342E /* vbl_pad.h */ = {isa = PBXFileReference; fileEncoding = 4; lastKnownFileType = sourcecode.c.h; path = vbl_pad.h; sourceTree = "<group>"; };
		57DB0FD822871E17002C342E /* v_bank.c */ = {isa = PBXFileReference; fileEncoding = 4; lastKnownFileType = sourcecode.c.c; path = v_bank.c; sourceTree = "<group>"; };
		D1786EBF1FD5C07E00CAC713 /* vbl.h */ = {isa = PBXFileReference; fileEncoding = 4; lastKnownFileType = sourcecode.c.h; name = vbl.h; path = ../vbl.h; sourceTree = "<group>"; };
/* End PBXFileReference section */

/* Begin PBXFrameworksBuildPhase section */
		57012DEB1EED5F5900F10594 /* Frameworks */ = {
			isa = PBXFrameworksBuildPhase;
			buildActionMask = 2147483647;
			files = (
			);
			runOnlyForDeploymentPostprocessing = 0;
		};
/* End PBXFrameworksBuildPhase section */

/* Begin PBXGroup section */
		57012DE51EED5F5900F10594 = {
			isa = PBXGroup;
			children = (
				57DB0F5122871E16002C342E /* src */,
				D1786EBF1FD5C07E00CAC713 /* vbl.h */,
				57917D672108D67700C49F7F /* vbl.c */,
				57012DEF1EED5F5900F10594 /* Products */,
				575B0377228A030600AA0D98 /* Frameworks */,
			);
			sourceTree = "<group>";
		};
		57012DEF1EED5F5900F10594 /* Products */ = {
			isa = PBXGroup;
			children = (
				57012DEE1EED5F5900F10594 /* libvbl.a */,
			);
			name = Products;
			sourceTree = "<group>";
		};
		575B0377228A030600AA0D98 /* Frameworks */ = {
			isa = PBXGroup;
			children = (
			);
			name = Frameworks;
			sourceTree = "<group>";
		};
		57DB0F5122871E16002C342E /* src */ = {
			isa = PBXGroup;
			children = (
				57DB0F5222871E16002C342E /* anim */,
				57DB0F5D22871E16002C342E /* study */,
				57DB0F6022871E16002C342E /* slide */,
				57DB0F6322871E16002C342E /* core */,
				57DB0F6C22871E16002C342E /* util */,
				57DB0F7322871E16002C342E /* seq */,
				57DB0F7C22871E17002C342E /* plugin */,
				57DB0F7F22871E17002C342E /* comms */,
				57DB0F8222871E17002C342E /* geo */,
				57DB0F9922871E17002C342E /* time */,
				57DB0F9E22871E17002C342E /* vbl_types.h */,
				57DB0F9F22871E17002C342E /* arcana */,
				57DB0FAE22871E17002C342E /* particle */,
				57DB0FD022871E17002C342E /* control */,
			);
			name = src;
			path = ../src;
			sourceTree = "<group>";
		};
		57DB0F5222871E16002C342E /* anim */ = {
			isa = PBXGroup;
			children = (
				57DB0F5322871E16002C342E /* v_behave.h */,
				57DB0F5422871E16002C342E /* v_swarm.h */,
				57DB0F5522871E16002C342E /* vbl_perturbator.h */,
				57DB0F5622871E16002C342E /* vbl_scene.h */,
				57DB0F5722871E16002C342E /* v_tracer.c */,
				57DB0F5822871E16002C342E /* v_swarm.c */,
				57DB0F5922871E16002C342E /* v_behave.c */,
				57DB0F5A22871E16002C342E /* vbl_perturbator.c */,
				57DB0F5B22871E16002C342E /* v_tracer.h */,
				57DB0F5C22871E16002C342E /* vbl_scene.c */,
			);
			path = anim;
			sourceTree = "<group>";
		};
		57DB0F5D22871E16002C342E /* study */ = {
			isa = PBXGroup;
			children = (
				57DB0F5E22871E16002C342E /* v_bpm.c */,
				57DB0F5F22871E16002C342E /* v_bpm.h */,
			);
			path = study;
			sourceTree = "<group>";
		};
		57DB0F6022871E16002C342E /* slide */ = {
			isa = PBXGroup;
			children = (
				57DB0F6122871E16002C342E /* v_slide.c */,
				57DB0F6222871E16002C342E /* v_slide.h */,
			);
			path = slide;
			sourceTree = "<group>";
		};
		57DB0F6322871E16002C342E /* core */ = {
			isa = PBXGroup;
			children = (
				57DB0F6422871E16002C342E /* vbl_log.h */,
				57DB0F6522871E16002C342E /* vbl_hub.h */,
				57DB0F6622871E16002C342E /* vbl_time.h */,
				57DB0F6722871E16002C342E /* vbl_rng.c */,
				57DB0F6822871E16002C342E /* vbl_log.c */,
				57DB0F6922871E16002C342E /* vbl_time.c */,
				57DB0F6A22871E16002C342E /* vbl_hub.c */,
				57DB0F6B22871E16002C342E /* vbl_rng.h */,
			);
			path = core;
			sourceTree = "<group>";
		};
		57DB0F6C22871E16002C342E /* util */ = {
			isa = PBXGroup;
			children = (
				57DB0F6D22871E16002C342E /* v_trigger.c */,
				57DB0F6E22871E16002C342E /* v_unit.c */,
				57DB0F6F22871E16002C342E /* v_serial.c */,
				57DB0F7022871E16002C342E /* v_unit.h */,
				57DB0F7122871E16002C342E /* v_trigger.h */,
				57DB0F7222871E16002C342E /* v_serial.h */,
			);
			path = util;
			sourceTree = "<group>";
		};
		57DB0F7322871E16002C342E /* seq */ = {
			isa = PBXGroup;
			children = (
				57DB0F7422871E16002C342E /* v_seq.h */,
				57DB0F7522871E16002C342E /* v_mark.c */,
				57DB0F7622871E17002C342E /* v_player.h */,
				57DB0F7722871E17002C342E /* v_track.c */,
				57DB0F7822871E17002C342E /* v_player.c */,
				57DB0F7922871E17002C342E /* v_mark.h */,
				57DB0F7A22871E17002C342E /* v_seq.c */,
				57DB0F7B22871E17002C342E /* v_track.h */,
			);
			path = seq;
			sourceTree = "<group>";
		};
		57DB0F7C22871E17002C342E /* plugin */ = {
			isa = PBXGroup;
			children = (
				57DB0F7D22871E17002C342E /* v_plugins.h */,
				57DB0F7E22871E17002C342E /* v_plugins.c */,
			);
			path = plugin;
			sourceTree = "<group>";
		};
		57DB0F7F22871E17002C342E /* comms */ = {
			isa = PBXGroup;
			children = (
				57DB0F8022871E17002C342E /* v_channel.c */,
				57DB0F8122871E17002C342E /* v_channel.h */,
			);
			path = comms;
			sourceTree = "<group>";
		};
		57DB0F8222871E17002C342E /* geo */ = {
			isa = PBXGroup;
			children = (
				57DB0F8322871E17002C342E /* v_assimp.c */,
				57DB0F8422871E17002C342E /* v_extrude.c */,
				57DB0F8522871E17002C342E /* v_vec.h */,
				57DB0F8622871E17002C342E /* vbl_hull.h */,
				57DB0F8722871E17002C342E /* vbl_qhull.c */,
				57DB0F8822871E17002C342E /* vbl_cork.h */,
				57DB0F8922871E17002C342E /* v_block.c */,
				57DB0F8A22871E17002C342E /* v_objseq.c */,
				57DB0F8B22871E17002C342E /* v_tesselate.c */,
				57DB0F8C22871E17002C342E /* v_primitives.c */,
				57DB0F8D22871E17002C342E /* v_lsystem.h */,
				57DB0F8E22871E17002C342E /* v_extrude.h */,
				57DB0F8F22871E17002C342E /* v_vec.c */,
				57DB0F9022871E17002C342E /* v_assimp.h */,
				57DB0F9122871E17002C342E /* vbl_cork.c */,
				57DB0F9222871E17002C342E /* vbl_qhull.h */,
				57DB0F9322871E17002C342E /* vbl_hull.c */,
				57DB0F9422871E17002C342E /* v_tesselate.h */,
				57DB0F9522871E17002C342E /* v_objseq.h */,
				57DB0F9622871E17002C342E /* v_block.h */,
				57DB0F9722871E17002C342E /* v_lsystem.c */,
				57DB0F9822871E17002C342E /* v_primitives.h */,
			);
			path = geo;
			sourceTree = "<group>";
		};
		57DB0F9922871E17002C342E /* time */ = {
			isa = PBXGroup;
			children = (
				57DB0F9A22871E17002C342E /* v_clock.c */,
				57DB0F9B22871E17002C342E /* v_stepseq.h */,
				57DB0F9C22871E17002C342E /* v_clock.h */,
				57DB0F9D22871E17002C342E /* v_stepseq.c */,
			);
			path = time;
			sourceTree = "<group>";
		};
		57DB0F9F22871E17002C342E /* arcana */ = {
			isa = PBXGroup;
			children = (
				57DB0FA022871E17002C342E /* vbl_lissajous.c */,
				57DB0FA122871E17002C342E /* vbl_cascade.c */,
				57DB0FA222871E17002C342E /* vbl_tracers.c */,
				57DB0FA322871E17002C342E /* vbl_arc.c */,
				57DB0FA422871E17002C342E /* vbl_vec_acc.h */,
				57DB0FA522871E17002C342E /* vbl_hand.h */,
				57DB0FA622871E17002C342E /* vbl_branch.h */,
				57DB0FA722871E17002C342E /* vbl_lissajous.h */,
				57DB0FA822871E17002C342E /* vbl_cascade.h */,
				57DB0FA922871E17002C342E /* vbl_arc.h */,
				57DB0FAA22871E17002C342E /* vbl_tracers.h */,
				57DB0FAB22871E17002C342E /* vbl_branch.c */,
				57DB0FAC22871E17002C342E /* vbl_vec_acc.c */,
				57DB0FAD22871E17002C342E /* vbl_hand.c */,
			);
			path = arcana;
			sourceTree = "<group>";
		};
		57DB0FAE22871E17002C342E /* particle */ = {
			isa = PBXGroup;
			children = (
				57DB0FAF22871E17002C342E /* vbl_particle.c */,
				57DB0FB022871E17002C342E /* vbl_particlesystem.h */,
				57DB0FB122871E17002C342E /* vbl_particleplugin_perturbator.c */,
				57DB0FB222871E17002C342E /* vbl_particlesystem_mgr_plugin.c */,
				57DB0FB322871E17002C342E /* vbl_particlesystem_mgr_plugin_autokill.c */,
				57DB0FB422871E17002C342E /* vbl_particleplugin_windresistance.h */,
				57DB0FB522871E17002C342E /* vbl_particleplugin_bounds.h */,
				57DB0FB622871E17002C342E /* vbl_particle_presets.h */,
				57DB0FB722871E17002C342E /* vbl_particleplugin_template.c */,
				57DB0FB822871E17002C342E /* vbl_particleplugin_emitter.h */,
				57DB0FB922871E17002C342E /* vbl_particleplugin_gravity.h */,
				57DB0FBA22871E17002C342E /* vbl_particleplugin_wind.c */,
				57DB0FBB22871E17002C342E /* vbl_particleplugin_reaper.c */,
				57DB0FBC22871E17002C342E /* vbl_particleplugin.c */,
				57DB0FBD22871E17002C342E /* vbl_particleplugin_attractor.h */,
				57DB0FBE22871E17002C342E /* vbl_particlesystem_mgr.h */,
				57DB0FBF22871E17002C342E /* vbl_particlesystem.c */,
				57DB0FC022871E17002C342E /* vbl_particle.h */,
				57DB0FC122871E17002C342E /* vbl_particleplugin_windresistance.c */,
				57DB0FC222871E17002C342E /* vbl_particlesystem_mgr_plugin_autokill.h */,
				57DB0FC322871E17002C342E /* vbl_particlesystem_mgr_plugin.h */,
				57DB0FC422871E17002C342E /* vbl_particleplugin_perturbator.h */,
				57DB0FC522871E17002C342E /* build */,
				57DB0FC622871E17002C342E /* vbl_particleplugin_gravity.c */,
				57DB0FC722871E17002C342E /* vbl_particleplugin_template.h */,
				57DB0FC822871E17002C342E /* vbl_particle_presets.c */,
				57DB0FC922871E17002C342E /* vbl_particleplugin_bounds.c */,
				57DB0FCA22871E17002C342E /* vbl_particleplugin_emitter.c */,
				57DB0FCB22871E17002C342E /* vbl_particleplugin_attractor.c */,
				57DB0FCC22871E17002C342E /* vbl_particlesystem_mgr.c */,
				57DB0FCD22871E17002C342E /* vbl_particleplugin_reaper.h */,
				57DB0FCE22871E17002C342E /* vbl_particleplugin_wind.h */,
				57DB0FCF22871E17002C342E /* vbl_particleplugin.h */,
			);
			path = particle;
			sourceTree = "<group>";
		};
		57DB0FC522871E17002C342E /* build */ = {
			isa = PBXGroup;
			children = (
			);
			path = build;
			sourceTree = "<group>";
		};
		57DB0FD022871E17002C342E /* control */ = {
			isa = PBXGroup;
			children = (
				57DB0FD122871E17002C342E /* vbl_input_logger.h */,
				57DB0FD222871E17002C342E /* .hgignore */,
				57DB0FD322871E17002C342E /* vbl_pad.c */,
				57DB0FD422871E17002C342E /* v_bank.h */,
				57DB0FD522871E17002C342E /* .hgrc */,
				57DB0FD622871E17002C342E /* vbl_input_logger.c */,
				57DB0FD722871E17002C342E /* vbl_pad.h */,
				57DB0FD822871E17002C342E /* v_bank.c */,
			);
			path = control;
			sourceTree = "<group>";
		};
/* End PBXGroup section */

/* Begin PBXNativeTarget section */
		57012DED1EED5F5900F10594 /* vbl */ = {
			isa = PBXNativeTarget;
			buildConfigurationList = 57012DF71EED5F5900F10594 /* Build configuration list for PBXNativeTarget "vbl" */;
			buildPhases = (
				57012DEA1EED5F5900F10594 /* Sources */,
				57012DEB1EED5F5900F10594 /* Frameworks */,
				57012DEC1EED5F5900F10594 /* CopyFiles */,
			);
			buildRules = (
			);
			dependencies = (
			);
			name = vbl;
			productName = vbl;
			productReference = 57012DEE1EED5F5900F10594 /* libvbl.a */;
			productType = "com.apple.product-type.library.static";
		};
/* End PBXNativeTarget section */

/* Begin PBXProject section */
		57012DE61EED5F5900F10594 /* Project object */ = {
			isa = PBXProject;
			attributes = {
				LastUpgradeCheck = 0930;
				ORGANIZATIONNAME = ruminant;
				TargetAttributes = {
					57012DED1EED5F5900F10594 = {
						CreatedOnToolsVersion = 8.3.2;
						DevelopmentTeam = YZJZ9TNW24;
						ProvisioningStyle = Automatic;
					};
				};
			};
			buildConfigurationList = 57012DE91EED5F5900F10594 /* Build configuration list for PBXProject "vbl-ios" */;
			compatibilityVersion = "Xcode 3.2";
			developmentRegion = English;
			hasScannedForEncodings = 0;
			knownRegions = (
				English,
				en,
			);
			mainGroup = 57012DE51EED5F5900F10594;
			productRefGroup = 57012DEF1EED5F5900F10594 /* Products */;
			projectDirPath = "";
			projectRoot = "";
			targets = (
				57012DED1EED5F5900F10594 /* vbl */,
			);
		};
/* End PBXProject section */

/* Begin PBXSourcesBuildPhase section */
		57012DEA1EED5F5900F10594 /* Sources */ = {
			isa = PBXSourcesBuildPhase;
			buildActionMask = 2147483647;
			files = (
				57DB100F22871E17002C342E /* vbl_particleplugin_attractor.c in Sources */,
				57DB100722871E17002C342E /* vbl_particleplugin_reaper.c in Sources */,
				57DB0FF122871E17002C342E /* v_objseq.c in Sources */,
				57DB100622871E17002C342E /* vbl_particleplugin_wind.c in Sources */,
				57DB0FDF22871E17002C342E /* v_slide.c in Sources */,
				57DB0FF722871E17002C342E /* v_lsystem.c in Sources */,
				57DB0FE622871E17002C342E /* v_serial.c in Sources */,
				57917D682108D67800C49F7F /* vbl.c in Sources */,
				57DB0FFB22871E17002C342E /* vbl_cascade.c in Sources */,
				57DB100A22871E17002C342E /* vbl_particleplugin_windresistance.c in Sources */,
				57DB101222871E17002C342E /* vbl_input_logger.c in Sources */,
				57DB0FEC22871E17002C342E /* v_channel.c in Sources */,
				57DB0FDA22871E17002C342E /* v_swarm.c in Sources */,
				57DB100222871E17002C342E /* vbl_particleplugin_perturbator.c in Sources */,
				57DB100822871E17002C342E /* vbl_particleplugin.c in Sources */,
				57DB0FF422871E17002C342E /* v_vec.c in Sources */,
				57DB100022871E17002C342E /* vbl_hand.c in Sources */,
				57DB0FEF22871E17002C342E /* vbl_qhull.c in Sources */,
				57DB100422871E17002C342E /* vbl_particlesystem_mgr_plugin_autokill.c in Sources */,
				57DB0FD922871E17002C342E /* v_tracer.c in Sources */,
				57DB0FFC22871E17002C342E /* vbl_tracers.c in Sources */,
				57DB0FFE22871E17002C342E /* vbl_branch.c in Sources */,
				57DB100D22871E17002C342E /* vbl_particleplugin_bounds.c in Sources */,
				57DB100322871E17002C342E /* vbl_particlesystem_mgr_plugin.c in Sources */,
				57DB0FE922871E17002C342E /* v_player.c in Sources */,
				57DB0FEE22871E17002C342E /* v_extrude.c in Sources */,
				57DB101322871E17002C342E /* v_bank.c in Sources */,
				57DB100E22871E17002C342E /* vbl_particleplugin_emitter.c in Sources */,
				57DB0FE522871E17002C342E /* v_unit.c in Sources */,
				57DB0FEB22871E17002C342E /* v_plugins.c in Sources */,
				57DB0FF322871E17002C342E /* v_primitives.c in Sources */,
				57DB0FE322871E17002C342E /* vbl_hub.c in Sources */,
				57DB0FF822871E17002C342E /* v_clock.c in Sources */,
				57DB0FE022871E17002C342E /* vbl_rng.c in Sources */,
				57DB0FFF22871E17002C342E /* vbl_vec_acc.c in Sources */,
				57DB0FF222871E17002C342E /* v_tesselate.c in Sources */,
				57DB0FE122871E17002C342E /* vbl_log.c in Sources */,
				57DB100B22871E17002C342E /* vbl_particleplugin_gravity.c in Sources */,
				57DB0FF022871E17002C342E /* v_block.c in Sources */,
				57DB0FE822871E17002C342E /* v_track.c in Sources */,
				57DB101022871E17002C342E /* vbl_particlesystem_mgr.c in Sources */,
				57DB0FE722871E17002C342E /* v_mark.c in Sources */,
				57DB100122871E17002C342E /* vbl_particle.c in Sources */,
				57DB0FFA22871E17002C342E /* vbl_lissajous.c in Sources */,
				57DB0FDB22871E17002C342E /* v_behave.c in Sources */,
				57DB0FF922871E17002C342E /* v_stepseq.c in Sources */,
				57DB100C22871E17002C342E /* vbl_particle_presets.c in Sources */,
				57DB0FEA22871E17002C342E /* v_seq.c in Sources */,
				57DB0FDE22871E17002C342E /* v_bpm.c in Sources */,
				57DB0FF622871E17002C342E /* vbl_hull.c in Sources */,
				57DB0FE222871E17002C342E /* vbl_time.c in Sources */,
				57DB0FE422871E17002C342E /* v_trigger.c in Sources */,
				57DB100922871E17002C342E /* vbl_particlesystem.c in Sources */,
				57DB0FED22871E17002C342E /* v_assimp.c in Sources */,
				57DB101122871E17002C342E /* vbl_pad.c in Sources */,
				57DB0FF522871E17002C342E /* vbl_cork.c in Sources */,
				57DB0FFD22871E17002C342E /* vbl_arc.c in Sources */,
				57DB0FDC22871E17002C342E /* vbl_perturbator.c in Sources */,
				57DB0FDD22871E17002C342E /* vbl_scene.c in Sources */,
				57DB100522871E17002C342E /* vbl_particleplugin_template.c in Sources */,
			);
			runOnlyForDeploymentPostprocessing = 0;
		};
/* End PBXSourcesBuildPhase section */

/* Begin XCBuildConfiguration section */
		57012DF51EED5F5900F10594 /* Debug */ = {
			isa = XCBuildConfiguration;
			buildSettings = {
				ALWAYS_SEARCH_USER_PATHS = NO;
				CLANG_ANALYZER_NONNULL = YES;
				CLANG_ANALYZER_NUMBER_OBJECT_CONVERSION = YES_AGGRESSIVE;
				CLANG_CXX_LANGUAGE_STANDARD = "gnu++0x";
				CLANG_CXX_LIBRARY = "libc++";
				CLANG_ENABLE_MODULES = YES;
				CLANG_ENABLE_OBJC_ARC = YES;
				CLANG_WARN_BLOCK_CAPTURE_AUTORELEASING = YES;
				CLANG_WARN_BOOL_CONVERSION = YES;
				CLANG_WARN_COMMA = YES;
				CLANG_WARN_CONSTANT_CONVERSION = YES;
				CLANG_WARN_DEPRECATED_OBJC_IMPLEMENTATIONS = YES;
				CLANG_WARN_DIRECT_OBJC_ISA_USAGE = YES_ERROR;
				CLANG_WARN_DOCUMENTATION_COMMENTS = YES;
				CLANG_WARN_EMPTY_BODY = YES;
				CLANG_WARN_ENUM_CONVERSION = YES;
				CLANG_WARN_INFINITE_RECURSION = YES;
				CLANG_WARN_INT_CONVERSION = YES;
				CLANG_WARN_NON_LITERAL_NULL_CONVERSION = YES;
				CLANG_WARN_OBJC_IMPLICIT_RETAIN_SELF = YES;
				CLANG_WARN_OBJC_LITERAL_CONVERSION = YES;
				CLANG_WARN_OBJC_ROOT_CLASS = YES_ERROR;
				CLANG_WARN_RANGE_LOOP_ANALYSIS = YES;
				CLANG_WARN_STRICT_PROTOTYPES = YES;
				CLANG_WARN_SUSPICIOUS_MOVE = YES;
				CLANG_WARN_UNREACHABLE_CODE = YES;
				CLANG_WARN__DUPLICATE_METHOD_MATCH = YES;
				"CODE_SIGN_IDENTITY[sdk=iphoneos*]" = "iPhone Developer";
				COPY_PHASE_STRIP = NO;
				DEBUG_INFORMATION_FORMAT = dwarf;
				ENABLE_STRICT_OBJC_MSGSEND = YES;
				ENABLE_TESTABILITY = YES;
				GCC_C_LANGUAGE_STANDARD = gnu99;
				GCC_DYNAMIC_NO_PIC = NO;
				GCC_NO_COMMON_BLOCKS = YES;
				GCC_OPTIMIZATION_LEVEL = 0;
				GCC_PREPROCESSOR_DEFINITIONS = (
					"DEBUG=1",
					"$(inherited)",
				);
				GCC_WARN_64_TO_32_BIT_CONVERSION = YES;
				GCC_WARN_ABOUT_RETURN_TYPE = YES_ERROR;
				GCC_WARN_UNDECLARED_SELECTOR = YES;
				GCC_WARN_UNINITIALIZED_AUTOS = YES_AGGRESSIVE;
				GCC_WARN_UNUSED_FUNCTION = YES;
				GCC_WARN_UNUSED_VARIABLE = YES;
				IPHONEOS_DEPLOYMENT_TARGET = 10.3;
				MTL_ENABLE_DEBUG_INFO = YES;
				ONLY_ACTIVE_ARCH = YES;
				SDKROOT = iphoneos;
			};
			name = Debug;
		};
		57012DF61EED5F5900F10594 /* Release */ = {
			isa = XCBuildConfiguration;
			buildSettings = {
				ALWAYS_SEARCH_USER_PATHS = NO;
				CLANG_ANALYZER_NONNULL = YES;
				CLANG_ANALYZER_NUMBER_OBJECT_CONVERSION = YES_AGGRESSIVE;
				CLANG_CXX_LANGUAGE_STANDARD = "gnu++0x";
				CLANG_CXX_LIBRARY = "libc++";
				CLANG_ENABLE_MODULES = YES;
				CLANG_ENABLE_OBJC_ARC = YES;
				CLANG_WARN_BLOCK_CAPTURE_AUTORELEASING = YES;
				CLANG_WARN_BOOL_CONVERSION = YES;
				CLANG_WARN_COMMA = YES;
				CLANG_WARN_CONSTANT_CONVERSION = YES;
				CLANG_WARN_DEPRECATED_OBJC_IMPLEMENTATIONS = YES;
				CLANG_WARN_DIRECT_OBJC_ISA_USAGE = YES_ERROR;
				CLANG_WARN_DOCUMENTATION_COMMENTS = YES;
				CLANG_WARN_EMPTY_BODY = YES;
				CLANG_WARN_ENUM_CONVERSION = YES;
				CLANG_WARN_INFINITE_RECURSION = YES;
				CLANG_WARN_INT_CONVERSION = YES;
				CLANG_WARN_NON_LITERAL_NULL_CONVERSION = YES;
				CLANG_WARN_OBJC_IMPLICIT_RETAIN_SELF = YES;
				CLANG_WARN_OBJC_LITERAL_CONVERSION = YES;
				CLANG_WARN_OBJC_ROOT_CLASS = YES_ERROR;
				CLANG_WARN_RANGE_LOOP_ANALYSIS = YES;
				CLANG_WARN_STRICT_PROTOTYPES = YES;
				CLANG_WARN_SUSPICIOUS_MOVE = YES;
				CLANG_WARN_UNREACHABLE_CODE = YES;
				CLANG_WARN__DUPLICATE_METHOD_MATCH = YES;
				"CODE_SIGN_IDENTITY[sdk=iphoneos*]" = "iPhone Developer";
				COPY_PHASE_STRIP = NO;
				DEBUG_INFORMATION_FORMAT = "dwarf-with-dsym";
				ENABLE_NS_ASSERTIONS = NO;
				ENABLE_STRICT_OBJC_MSGSEND = YES;
				GCC_C_LANGUAGE_STANDARD = gnu99;
				GCC_NO_COMMON_BLOCKS = YES;
				GCC_WARN_64_TO_32_BIT_CONVERSION = YES;
				GCC_WARN_ABOUT_RETURN_TYPE = YES_ERROR;
				GCC_WARN_UNDECLARED_SELECTOR = YES;
				GCC_WARN_UNINITIALIZED_AUTOS = YES_AGGRESSIVE;
				GCC_WARN_UNUSED_FUNCTION = YES;
				GCC_WARN_UNUSED_VARIABLE = YES;
				IPHONEOS_DEPLOYMENT_TARGET = 10.3;
				MTL_ENABLE_DEBUG_INFO = NO;
				SDKROOT = iphoneos;
				VALIDATE_PRODUCT = YES;
			};
			name = Release;
		};
		57012DF81EED5F5900F10594 /* Debug */ = {
			isa = XCBuildConfiguration;
			buildSettings = {
				DEVELOPMENT_TEAM = YZJZ9TNW24;
				HEADER_SEARCH_PATHS = (
					"$(r4_root)/libs",
					"$(r4_root)/contrib",
					../../../contrib/deps,
					../../../contrib/deps/cjson,
				);
				IPHONEOS_DEPLOYMENT_TARGET = 8.0;
				OTHER_LDFLAGS = "-ObjC";
				PRODUCT_NAME = "$(TARGET_NAME)";
				SKIP_INSTALL = YES;
				SYMROOT = ../../../build;
				r4_root = "$(HOME)/art/r4";
			};
			name = Debug;
		};
		57012DF91EED5F5900F10594 /* Release */ = {
			isa = XCBuildConfiguration;
			buildSettings = {
				DEVELOPMENT_TEAM = YZJZ9TNW24;
				HEADER_SEARCH_PATHS = (
					"$(r4_root)/libs",
					"$(r4_root)/contrib",
					../../../contrib/deps,
					../../../contrib/deps/cjson,
				);
				IPHONEOS_DEPLOYMENT_TARGET = 8.0;
				OTHER_LDFLAGS = "-ObjC";
				PRODUCT_NAME = "$(TARGET_NAME)";
				SKIP_INSTALL = YES;
				SYMROOT = ../../../build;
				r4_root = "$(HOME)/art/r4";
			};
			name = Release;
		};
/* End XCBuildConfiguration section */

/* Begin XCConfigurationList section */
		57012DE91EED5F5900F10594 /* Build configuration list for PBXProject "vbl-ios" */ = {
			isa = XCConfigurationList;
			buildConfigurations = (
				57012DF51EED5F5900F10594 /* Debug */,
				57012DF61EED5F5900F10594 /* Release */,
			);
			defaultConfigurationIsVisible = 0;
			defaultConfigurationName = Release;
		};
		57012DF71EED5F5900F10594 /* Build configuration list for PBXNativeTarget "vbl" */ = {
			isa = XCConfigurationList;
			buildConfigurations = (
				57012DF81EED5F5900F10594 /* Debug */,
				57012DF91EED5F5900F10594 /* Release */,
			);
			defaultConfigurationIsVisible = 0;
			defaultConfigurationName = Release;
		};
/* End XCConfigurationList section */
	};
	rootObject = 57012DE61EED5F5900F10594 /* Project object */;
}
